// !$*UTF8*$!
{
	archiveVersion = 1;
	classes = {
	};
	objectVersion = 55;
	objects = {

/* Begin PBXBuildFile section */
		7B0357F827D102D3000154CC /* Meme.swift in Sources */ = {isa = PBXBuildFile; fileRef = 7B0357F727D102D3000154CC /* Meme.swift */; };
		7B476B8F27CE3E5D0041FD99 /* AppDelegate.swift in Sources */ = {isa = PBXBuildFile; fileRef = 7B476B8E27CE3E5D0041FD99 /* AppDelegate.swift */; };
		7B476B9127CE3E5D0041FD99 /* SceneDelegate.swift in Sources */ = {isa = PBXBuildFile; fileRef = 7B476B9027CE3E5D0041FD99 /* SceneDelegate.swift */; };
		7B476B9327CE3E5D0041FD99 /* MemeEditorViewController.swift in Sources */ = {isa = PBXBuildFile; fileRef = 7B476B9227CE3E5D0041FD99 /* MemeEditorViewController.swift */; };
		7B476B9627CE3E5D0041FD99 /* Main.storyboard in Resources */ = {isa = PBXBuildFile; fileRef = 7B476B9427CE3E5D0041FD99 /* Main.storyboard */; };
		7B476B9827CE3E600041FD99 /* Assets.xcassets in Resources */ = {isa = PBXBuildFile; fileRef = 7B476B9727CE3E600041FD99 /* Assets.xcassets */; };
		7B476B9B27CE3E600041FD99 /* LaunchScreen.storyboard in Resources */ = {isa = PBXBuildFile; fileRef = 7B476B9927CE3E600041FD99 /* LaunchScreen.storyboard */; };
		7B476BA627CE3E600041FD99 /* ImagePickerExperimentTests.swift in Sources */ = {isa = PBXBuildFile; fileRef = 7B476BA527CE3E600041FD99 /* ImagePickerExperimentTests.swift */; };
		7B476BB027CE3E600041FD99 /* ImagePickerExperimentUITests.swift in Sources */ = {isa = PBXBuildFile; fileRef = 7B476BAF27CE3E600041FD99 /* ImagePickerExperimentUITests.swift */; };
		7B476BB227CE3E600041FD99 /* ImagePickerExperimentUITestsLaunchTests.swift in Sources */ = {isa = PBXBuildFile; fileRef = 7B476BB127CE3E600041FD99 /* ImagePickerExperimentUITestsLaunchTests.swift */; };
/* End PBXBuildFile section */

/* Begin PBXContainerItemProxy section */
		7B476BA227CE3E600041FD99 /* PBXContainerItemProxy */ = {
			isa = PBXContainerItemProxy;
			containerPortal = 7B476B8327CE3E5D0041FD99 /* Project object */;
			proxyType = 1;
			remoteGlobalIDString = 7B476B8A27CE3E5D0041FD99;
			remoteInfo = ImagePickerExperiment;
		};
		7B476BAC27CE3E600041FD99 /* PBXContainerItemProxy */ = {
			isa = PBXContainerItemProxy;
			containerPortal = 7B476B8327CE3E5D0041FD99 /* Project object */;
			proxyType = 1;
			remoteGlobalIDString = 7B476B8A27CE3E5D0041FD99;
			remoteInfo = ImagePickerExperiment;
		};
/* End PBXContainerItemProxy section */

/* Begin PBXFileReference section */
		7B0357F727D102D3000154CC /* Meme.swift */ = {isa = PBXFileReference; lastKnownFileType = sourcecode.swift; path = Meme.swift; sourceTree = "<group>"; };
		7B476B8B27CE3E5D0041FD99 /* ImagePickerExperiment.app */ = {isa = PBXFileReference; explicitFileType = wrapper.application; includeInIndex = 0; path = ImagePickerExperiment.app; sourceTree = BUILT_PRODUCTS_DIR; };
		7B476B8E27CE3E5D0041FD99 /* AppDelegate.swift */ = {isa = PBXFileReference; lastKnownFileType = sourcecode.swift; path = AppDelegate.swift; sourceTree = "<group>"; };
		7B476B9027CE3E5D0041FD99 /* SceneDelegate.swift */ = {isa = PBXFileReference; lastKnownFileType = sourcecode.swift; path = SceneDelegate.swift; sourceTree = "<group>"; };
		7B476B9227CE3E5D0041FD99 /* MemeEditorViewController.swift */ = {isa = PBXFileReference; lastKnownFileType = sourcecode.swift; path = MemeEditorViewController.swift; sourceTree = "<group>"; };
		7B476B9527CE3E5D0041FD99 /* Base */ = {isa = PBXFileReference; lastKnownFileType = file.storyboard; name = Base; path = Base.lproj/Main.storyboard; sourceTree = "<group>"; };
		7B476B9727CE3E600041FD99 /* Assets.xcassets */ = {isa = PBXFileReference; lastKnownFileType = folder.assetcatalog; path = Assets.xcassets; sourceTree = "<group>"; };
		7B476B9A27CE3E600041FD99 /* Base */ = {isa = PBXFileReference; lastKnownFileType = file.storyboard; name = Base; path = Base.lproj/LaunchScreen.storyboard; sourceTree = "<group>"; };
		7B476B9C27CE3E600041FD99 /* Info.plist */ = {isa = PBXFileReference; lastKnownFileType = text.plist.xml; path = Info.plist; sourceTree = "<group>"; };
		7B476BA127CE3E600041FD99 /* ImagePickerExperimentTests.xctest */ = {isa = PBXFileReference; explicitFileType = wrapper.cfbundle; includeInIndex = 0; path = ImagePickerExperimentTests.xctest; sourceTree = BUILT_PRODUCTS_DIR; };
		7B476BA527CE3E600041FD99 /* ImagePickerExperimentTests.swift */ = {isa = PBXFileReference; lastKnownFileType = sourcecode.swift; path = ImagePickerExperimentTests.swift; sourceTree = "<group>"; };
		7B476BAB27CE3E600041FD99 /* ImagePickerExperimentUITests.xctest */ = {isa = PBXFileReference; explicitFileType = wrapper.cfbundle; includeInIndex = 0; path = ImagePickerExperimentUITests.xctest; sourceTree = BUILT_PRODUCTS_DIR; };
		7B476BAF27CE3E600041FD99 /* ImagePickerExperimentUITests.swift */ = {isa = PBXFileReference; lastKnownFileType = sourcecode.swift; path = ImagePickerExperimentUITests.swift; sourceTree = "<group>"; };
		7B476BB127CE3E600041FD99 /* ImagePickerExperimentUITestsLaunchTests.swift */ = {isa = PBXFileReference; lastKnownFileType = sourcecode.swift; path = ImagePickerExperimentUITestsLaunchTests.swift; sourceTree = "<group>"; };
/* End PBXFileReference section */

/* Begin PBXFrameworksBuildPhase section */
		7B476B8827CE3E5D0041FD99 /* Frameworks */ = {
			isa = PBXFrameworksBuildPhase;
			buildActionMask = 2147483647;
			files = (
			);
			runOnlyForDeploymentPostprocessing = 0;
		};
		7B476B9E27CE3E600041FD99 /* Frameworks */ = {
			isa = PBXFrameworksBuildPhase;
			buildActionMask = 2147483647;
			files = (
			);
			runOnlyForDeploymentPostprocessing = 0;
		};
		7B476BA827CE3E600041FD99 /* Frameworks */ = {
			isa = PBXFrameworksBuildPhase;
			buildActionMask = 2147483647;
			files = (
			);
			runOnlyForDeploymentPostprocessing = 0;
		};
/* End PBXFrameworksBuildPhase section */

/* Begin PBXGroup section */
		7B476B8227CE3E5D0041FD99 = {
			isa = PBXGroup;
			children = (
				7B476B8D27CE3E5D0041FD99 /* ImagePickerExperiment */,
				7B476BA427CE3E600041FD99 /* ImagePickerExperimentTests */,
				7B476BAE27CE3E600041FD99 /* ImagePickerExperimentUITests */,
				7B476B8C27CE3E5D0041FD99 /* Products */,
			);
			sourceTree = "<group>";
		};
		7B476B8C27CE3E5D0041FD99 /* Products */ = {
			isa = PBXGroup;
			children = (
				7B476B8B27CE3E5D0041FD99 /* ImagePickerExperiment.app */,
				7B476BA127CE3E600041FD99 /* ImagePickerExperimentTests.xctest */,
				7B476BAB27CE3E600041FD99 /* ImagePickerExperimentUITests.xctest */,
			);
			name = Products;
			sourceTree = "<group>";
		};
		7B476B8D27CE3E5D0041FD99 /* ImagePickerExperiment */ = {
			isa = PBXGroup;
			children = (
				7B476B8E27CE3E5D0041FD99 /* AppDelegate.swift */,
				7B476B9027CE3E5D0041FD99 /* SceneDelegate.swift */,
				7B476B9227CE3E5D0041FD99 /* MemeEditorViewController.swift */,
				7B476B9427CE3E5D0041FD99 /* Main.storyboard */,
				7B476B9727CE3E600041FD99 /* Assets.xcassets */,
				7B476B9927CE3E600041FD99 /* LaunchScreen.storyboard */,
				7B476B9C27CE3E600041FD99 /* Info.plist */,
				7B0357F727D102D3000154CC /* Meme.swift */,
			);
			path = ImagePickerExperiment;
			sourceTree = "<group>";
		};
		7B476BA427CE3E600041FD99 /* ImagePickerExperimentTests */ = {
			isa = PBXGroup;
			children = (
				7B476BA527CE3E600041FD99 /* ImagePickerExperimentTests.swift */,
			);
			path = ImagePickerExperimentTests;
			sourceTree = "<group>";
		};
		7B476BAE27CE3E600041FD99 /* ImagePickerExperimentUITests */ = {
			isa = PBXGroup;
			children = (
				7B476BAF27CE3E600041FD99 /* ImagePickerExperimentUITests.swift */,
				7B476BB127CE3E600041FD99 /* ImagePickerExperimentUITestsLaunchTests.swift */,
			);
			path = ImagePickerExperimentUITests;
			sourceTree = "<group>";
		};
/* End PBXGroup section */

/* Begin PBXNativeTarget section */
		7B476B8A27CE3E5D0041FD99 /* ImagePickerExperiment */ = {
			isa = PBXNativeTarget;
			buildConfigurationList = 7B476BB527CE3E600041FD99 /* Build configuration list for PBXNativeTarget "ImagePickerExperiment" */;
			buildPhases = (
				7B476B8727CE3E5D0041FD99 /* Sources */,
				7B476B8827CE3E5D0041FD99 /* Frameworks */,
				7B476B8927CE3E5D0041FD99 /* Resources */,
			);
			buildRules = (
			);
			dependencies = (
			);
			name = ImagePickerExperiment;
			productName = ImagePickerExperiment;
			productReference = 7B476B8B27CE3E5D0041FD99 /* ImagePickerExperiment.app */;
			productType = "com.apple.product-type.application";
		};
		7B476BA027CE3E600041FD99 /* ImagePickerExperimentTests */ = {
			isa = PBXNativeTarget;
			buildConfigurationList = 7B476BB827CE3E600041FD99 /* Build configuration list for PBXNativeTarget "ImagePickerExperimentTests" */;
			buildPhases = (
				7B476B9D27CE3E600041FD99 /* Sources */,
				7B476B9E27CE3E600041FD99 /* Frameworks */,
				7B476B9F27CE3E600041FD99 /* Resources */,
			);
			buildRules = (
			);
			dependencies = (
				7B476BA327CE3E600041FD99 /* PBXTargetDependency */,
			);
			name = ImagePickerExperimentTests;
			productName = ImagePickerExperimentTests;
			productReference = 7B476BA127CE3E600041FD99 /* ImagePickerExperimentTests.xctest */;
			productType = "com.apple.product-type.bundle.unit-test";
		};
		7B476BAA27CE3E600041FD99 /* ImagePickerExperimentUITests */ = {
			isa = PBXNativeTarget;
			buildConfigurationList = 7B476BBB27CE3E600041FD99 /* Build configuration list for PBXNativeTarget "ImagePickerExperimentUITests" */;
			buildPhases = (
				7B476BA727CE3E600041FD99 /* Sources */,
				7B476BA827CE3E600041FD99 /* Frameworks */,
				7B476BA927CE3E600041FD99 /* Resources */,
			);
			buildRules = (
			);
			dependencies = (
				7B476BAD27CE3E600041FD99 /* PBXTargetDependency */,
			);
			name = ImagePickerExperimentUITests;
			productName = ImagePickerExperimentUITests;
			productReference = 7B476BAB27CE3E600041FD99 /* ImagePickerExperimentUITests.xctest */;
			productType = "com.apple.product-type.bundle.ui-testing";
		};
/* End PBXNativeTarget section */

/* Begin PBXProject section */
		7B476B8327CE3E5D0041FD99 /* Project object */ = {
			isa = PBXProject;
			attributes = {
				BuildIndependentTargetsInParallel = 1;
				LastSwiftUpdateCheck = 1320;
				LastUpgradeCheck = 1320;
				TargetAttributes = {
					7B476B8A27CE3E5D0041FD99 = {
						CreatedOnToolsVersion = 13.2.1;
					};
					7B476BA027CE3E600041FD99 = {
						CreatedOnToolsVersion = 13.2.1;
						TestTargetID = 7B476B8A27CE3E5D0041FD99;
					};
					7B476BAA27CE3E600041FD99 = {
						CreatedOnToolsVersion = 13.2.1;
						TestTargetID = 7B476B8A27CE3E5D0041FD99;
					};
				};
			};
			buildConfigurationList = 7B476B8627CE3E5D0041FD99 /* Build configuration list for PBXProject "ImagePickerExperiment" */;
			compatibilityVersion = "Xcode 13.0";
			developmentRegion = en;
			hasScannedForEncodings = 0;
			knownRegions = (
				en,
				Base,
			);
			mainGroup = 7B476B8227CE3E5D0041FD99;
			productRefGroup = 7B476B8C27CE3E5D0041FD99 /* Products */;
			projectDirPath = "";
			projectRoot = "";
			targets = (
				7B476B8A27CE3E5D0041FD99 /* ImagePickerExperiment */,
				7B476BA027CE3E600041FD99 /* ImagePickerExperimentTests */,
				7B476BAA27CE3E600041FD99 /* ImagePickerExperimentUITests */,
			);
		};
/* End PBXProject section */

/* Begin PBXResourcesBuildPhase section */
		7B476B8927CE3E5D0041FD99 /* Resources */ = {
			isa = PBXResourcesBuildPhase;
			buildActionMask = 2147483647;
			files = (
				7B476B9B27CE3E600041FD99 /* LaunchScreen.storyboard in Resources */,
				7B476B9827CE3E600041FD99 /* Assets.xcassets in Resources */,
				7B476B9627CE3E5D0041FD99 /* Main.storyboard in Resources */,
			);
			runOnlyForDeploymentPostprocessing = 0;
		};
		7B476B9F27CE3E600041FD99 /* Resources */ = {
			isa = PBXResourcesBuildPhase;
			buildActionMask = 2147483647;
			files = (
			);
			runOnlyForDeploymentPostprocessing = 0;
		};
		7B476BA927CE3E600041FD99 /* Resources */ = {
			isa = PBXResourcesBuildPhase;
			buildActionMask = 2147483647;
			files = (
			);
			runOnlyForDeploymentPostprocessing = 0;
		};
/* End PBXResourcesBuildPhase section */

/* Begin PBXSourcesBuildPhase section */
		7B476B8727CE3E5D0041FD99 /* Sources */ = {
			isa = PBXSourcesBuildPhase;
			buildActionMask = 2147483647;
			files = (
				7B476B9327CE3E5D0041FD99 /* MemeEditorViewController.swift in Sources */,
				7B0357F827D102D3000154CC /* Meme.swift in Sources */,
				7B476B8F27CE3E5D0041FD99 /* AppDelegate.swift in Sources */,
				7B476B9127CE3E5D0041FD99 /* SceneDelegate.swift in Sources */,
			);
			runOnlyForDeploymentPostprocessing = 0;
		};
		7B476B9D27CE3E600041FD99 /* Sources */ = {
			isa = PBXSourcesBuildPhase;
			buildActionMask = 2147483647;
			files = (
				7B476BA627CE3E600041FD99 /* ImagePickerExperimentTests.swift in Sources */,
			);
			runOnlyForDeploymentPostprocessing = 0;
		};
		7B476BA727CE3E600041FD99 /* Sources */ = {
			isa = PBXSourcesBuildPhase;
			buildActionMask = 2147483647;
			files = (
				7B476BB027CE3E600041FD99 /* ImagePickerExperimentUITests.swift in Sources */,
				7B476BB227CE3E600041FD99 /* ImagePickerExperimentUITestsLaunchTests.swift in Sources */,
			);
			runOnlyForDeploymentPostprocessing = 0;
		};
/* End PBXSourcesBuildPhase section */

/* Begin PBXTargetDependency section */
		7B476BA327CE3E600041FD99 /* PBXTargetDependency */ = {
			isa = PBXTargetDependency;
			target = 7B476B8A27CE3E5D0041FD99 /* ImagePickerExperiment */;
			targetProxy = 7B476BA227CE3E600041FD99 /* PBXContainerItemProxy */;
		};
		7B476BAD27CE3E600041FD99 /* PBXTargetDependency */ = {
			isa = PBXTargetDependency;
			target = 7B476B8A27CE3E5D0041FD99 /* ImagePickerExperiment */;
			targetProxy = 7B476BAC27CE3E600041FD99 /* PBXContainerItemProxy */;
		};
/* End PBXTargetDependency section */

/* Begin PBXVariantGroup section */
		7B476B9427CE3E5D0041FD99 /* Main.storyboard */ = {
			isa = PBXVariantGroup;
			children = (
				7B476B9527CE3E5D0041FD99 /* Base */,
			);
			name = Main.storyboard;
			sourceTree = "<group>";
		};
		7B476B9927CE3E600041FD99 /* LaunchScreen.storyboard */ = {
			isa = PBXVariantGroup;
			children = (
				7B476B9A27CE3E600041FD99 /* Base */,
			);
			name = LaunchScreen.storyboard;
			sourceTree = "<group>";
		};
/* End PBXVariantGroup section */

/* Begin XCBuildConfiguration section */
		7B476BB327CE3E600041FD99 /* Debug */ = {
			isa = XCBuildConfiguration;
			buildSettings = {
				ALWAYS_SEARCH_USER_PATHS = NO;
				CLANG_ANALYZER_NONNULL = YES;
				CLANG_ANALYZER_NUMBER_OBJECT_CONVERSION = YES_AGGRESSIVE;
				CLANG_CXX_LANGUAGE_STANDARD = "gnu++17";
				CLANG_CXX_LIBRARY = "libc++";
				CLANG_ENABLE_MODULES = YES;
				CLANG_ENABLE_OBJC_ARC = YES;
				CLANG_ENABLE_OBJC_WEAK = YES;
				CLANG_WARN_BLOCK_CAPTURE_AUTORELEASING = YES;
				CLANG_WARN_BOOL_CONVERSION = YES;
				CLANG_WARN_COMMA = YES;
				CLANG_WARN_CONSTANT_CONVERSION = YES;
				CLANG_WARN_DEPRECATED_OBJC_IMPLEMENTATIONS = YES;
				CLANG_WARN_DIRECT_OBJC_ISA_USAGE = YES_ERROR;
				CLANG_WARN_DOCUMENTATION_COMMENTS = YES;
				CLANG_WARN_EMPTY_BODY = YES;
				CLANG_WARN_ENUM_CONVERSION = YES;
				CLANG_WARN_INFINITE_RECURSION = YES;
				CLANG_WARN_INT_CONVERSION = YES;
				CLANG_WARN_NON_LITERAL_NULL_CONVERSION = YES;
				CLANG_WARN_OBJC_IMPLICIT_RETAIN_SELF = YES;
				CLANG_WARN_OBJC_LITERAL_CONVERSION = YES;
				CLANG_WARN_OBJC_ROOT_CLASS = YES_ERROR;
				CLANG_WARN_QUOTED_INCLUDE_IN_FRAMEWORK_HEADER = YES;
				CLANG_WARN_RANGE_LOOP_ANALYSIS = YES;
				CLANG_WARN_STRICT_PROTOTYPES = YES;
				CLANG_WARN_SUSPICIOUS_MOVE = YES;
				CLANG_WARN_UNGUARDED_AVAILABILITY = YES_AGGRESSIVE;
				CLANG_WARN_UNREACHABLE_CODE = YES;
				CLANG_WARN__DUPLICATE_METHOD_MATCH = YES;
				COPY_PHASE_STRIP = NO;
				DEBUG_INFORMATION_FORMAT = dwarf;
				ENABLE_STRICT_OBJC_MSGSEND = YES;
				ENABLE_TESTABILITY = YES;
				GCC_C_LANGUAGE_STANDARD = gnu11;
				GCC_DYNAMIC_NO_PIC = NO;
				GCC_NO_COMMON_BLOCKS = YES;
				GCC_OPTIMIZATION_LEVEL = 0;
				GCC_PREPROCESSOR_DEFINITIONS = (
					"DEBUG=1",
					"$(inherited)",
				);
				GCC_WARN_64_TO_32_BIT_CONVERSION = YES;
				GCC_WARN_ABOUT_RETURN_TYPE = YES_ERROR;
				GCC_WARN_UNDECLARED_SELECTOR = YES;
				GCC_WARN_UNINITIALIZED_AUTOS = YES_AGGRESSIVE;
				GCC_WARN_UNUSED_FUNCTION = YES;
				GCC_WARN_UNUSED_VARIABLE = YES;
				IPHONEOS_DEPLOYMENT_TARGET = 15.2;
				MTL_ENABLE_DEBUG_INFO = INCLUDE_SOURCE;
				MTL_FAST_MATH = YES;
				ONLY_ACTIVE_ARCH = YES;
				SDKROOT = iphoneos;
				SWIFT_ACTIVE_COMPILATION_CONDITIONS = DEBUG;
				SWIFT_OPTIMIZATION_LEVEL = "-Onone";
			};
			name = Debug;
		};
		7B476BB427CE3E600041FD99 /* Release */ = {
			isa = XCBuildConfiguration;
			buildSettings = {
				ALWAYS_SEARCH_USER_PATHS = NO;
				CLANG_ANALYZER_NONNULL = YES;
				CLANG_ANALYZER_NUMBER_OBJECT_CONVERSION = YES_AGGRESSIVE;
				CLANG_CXX_LANGUAGE_STANDARD = "gnu++17";
				CLANG_CXX_LIBRARY = "libc++";
				CLANG_ENABLE_MODULES = YES;
				CLANG_ENABLE_OBJC_ARC = YES;
				CLANG_ENABLE_OBJC_WEAK = YES;
				CLANG_WARN_BLOCK_CAPTURE_AUTORELEASING = YES;
				CLANG_WARN_BOOL_CONVERSION = YES;
				CLANG_WARN_COMMA = YES;
				CLANG_WARN_CONSTANT_CONVERSION = YES;
				CLANG_WARN_DEPRECATED_OBJC_IMPLEMENTATIONS = YES;
				CLANG_WARN_DIRECT_OBJC_ISA_USAGE = YES_ERROR;
				CLANG_WARN_DOCUMENTATION_COMMENTS = YES;
				CLANG_WARN_EMPTY_BODY = YES;
				CLANG_WARN_ENUM_CONVERSION = YES;
				CLANG_WARN_INFINITE_RECURSION = YES;
				CLANG_WARN_INT_CONVERSION = YES;
				CLANG_WARN_NON_LITERAL_NULL_CONVERSION = YES;
				CLANG_WARN_OBJC_IMPLICIT_RETAIN_SELF = YES;
				CLANG_WARN_OBJC_LITERAL_CONVERSION = YES;
				CLANG_WARN_OBJC_ROOT_CLASS = YES_ERROR;
				CLANG_WARN_QUOTED_INCLUDE_IN_FRAMEWORK_HEADER = YES;
				CLANG_WARN_RANGE_LOOP_ANALYSIS = YES;
				CLANG_WARN_STRICT_PROTOTYPES = YES;
				CLANG_WARN_SUSPICIOUS_MOVE = YES;
				CLANG_WARN_UNGUARDED_AVAILABILITY = YES_AGGRESSIVE;
				CLANG_WARN_UNREACHABLE_CODE = YES;
				CLANG_WARN__DUPLICATE_METHOD_MATCH = YES;
				COPY_PHASE_STRIP = NO;
				DEBUG_INFORMATION_FORMAT = "dwarf-with-dsym";
				ENABLE_NS_ASSERTIONS = NO;
				ENABLE_STRICT_OBJC_MSGSEND = YES;
				GCC_C_LANGUAGE_STANDARD = gnu11;
				GCC_NO_COMMON_BLOCKS = YES;
				GCC_WARN_64_TO_32_BIT_CONVERSION = YES;
				GCC_WARN_ABOUT_RETURN_TYPE = YES_ERROR;
				GCC_WARN_UNDECLARED_SELECTOR = YES;
				GCC_WARN_UNINITIALIZED_AUTOS = YES_AGGRESSIVE;
				GCC_WARN_UNUSED_FUNCTION = YES;
				GCC_WARN_UNUSED_VARIABLE = YES;
				IPHONEOS_DEPLOYMENT_TARGET = 15.2;
				MTL_ENABLE_DEBUG_INFO = NO;
				MTL_FAST_MATH = YES;
				SDKROOT = iphoneos;
				SWIFT_COMPILATION_MODE = wholemodule;
				SWIFT_OPTIMIZATION_LEVEL = "-O";
				VALIDATE_PRODUCT = YES;
			};
			name = Release;
		};
		7B476BB627CE3E600041FD99 /* Debug */ = {
			isa = XCBuildConfiguration;
			buildSettings = {
				ASSETCATALOG_COMPILER_APPICON_NAME = AppIcon;
				ASSETCATALOG_COMPILER_GLOBAL_ACCENT_COLOR_NAME = AccentColor;
				CODE_SIGN_STYLE = Automatic;
				CURRENT_PROJECT_VERSION = 1;
				GENERATE_INFOPLIST_FILE = YES;
				INFOPLIST_FILE = ImagePickerExperiment/Info.plist;
				INFOPLIST_KEY_LSApplicationCategoryType = "";
				INFOPLIST_KEY_NSCameraUsageDescription = ALLOW;
				INFOPLIST_KEY_NSPhotoLibraryUsageDescription = ALLOW;
				INFOPLIST_KEY_UIApplicationSupportsIndirectInputEvents = YES;
				INFOPLIST_KEY_UILaunchStoryboardName = LaunchScreen;
				INFOPLIST_KEY_UIMainStoryboardFile = Main;
				INFOPLIST_KEY_UISupportedInterfaceOrientations_iPad = "UIInterfaceOrientationPortrait UIInterfaceOrientationPortraitUpsideDown UIInterfaceOrientationLandscapeLeft UIInterfaceOrientationLandscapeRight";
				INFOPLIST_KEY_UISupportedInterfaceOrientations_iPhone = "UIInterfaceOrientationPortrait UIInterfaceOrientationLandscapeLeft UIInterfaceOrientationLandscapeRight";
				LD_RUNPATH_SEARCH_PATHS = (
					"$(inherited)",
					"@executable_path/Frameworks",
				);
				MARKETING_VERSION = 1.0;
				PRODUCT_BUNDLE_IDENTIFIER = Bussma.ImagePickerExperiment;
				PRODUCT_NAME = "$(TARGET_NAME)";
				SWIFT_EMIT_LOC_STRINGS = YES;
				SWIFT_VERSION = 5.0;
				TARGETED_DEVICE_FAMILY = "1,2";
			};
			name = Debug;
		};
		7B476BB727CE3E600041FD99 /* Release */ = {
			isa = XCBuildConfiguration;
			buildSettings = {
				ASSETCATALOG_COMPILER_APPICON_NAME = AppIcon;
				ASSETCATALOG_COMPILER_GLOBAL_ACCENT_COLOR_NAME = AccentColor;
				CODE_SIGN_STYLE = Automatic;
				CURRENT_PROJECT_VERSION = 1;
				GENERATE_INFOPLIST_FILE = YES;
				INFOPLIST_FILE = ImagePickerExperiment/Info.plist;
				INFOPLIST_KEY_LSApplicationCategoryType = "";
				INFOPLIST_KEY_NSCameraUsageDescription = ALLOW;
				INFOPLIST_KEY_NSPhotoLibraryUsageDescription = ALLOW;
				INFOPLIST_KEY_UIApplicationSupportsIndirectInputEvents = YES;
				INFOPLIST_KEY_UILaunchStoryboardName = LaunchScreen;
				INFOPLIST_KEY_UIMainStoryboardFile = Main;
				INFOPLIST_KEY_UISupportedInterfaceOrientations_iPad = "UIInterfaceOrientationPortrait UIInterfaceOrientationPortraitUpsideDown UIInterfaceOrientationLandscapeLeft UIInterfaceOrientationLandscapeRight";
				INFOPLIST_KEY_UISupportedInterfaceOrientations_iPhone = "UIInterfaceOrientationPortrait UIInterfaceOrientationLandscapeLeft UIInterfaceOrientationLandscapeRight";
				LD_RUNPATH_SEARCH_PATHS = (
					"$(inherited)",
					"@executable_path/Frameworks",
				);
				MARKETING_VERSION = 1.0;
				PRODUCT_BUNDLE_IDENTIFIER = Bussma.ImagePickerExperiment;
				PRODUCT_NAME = "$(TARGET_NAME)";
				SWIFT_EMIT_LOC_STRINGS = YES;
				SWIFT_VERSION = 5.0;
				TARGETED_DEVICE_FAMILY = "1,2";
			};
			name = Release;
		};
		7B476BB927CE3E600041FD99 /* Debug */ = {
			isa = XCBuildConfiguration;
			buildSettings = {
				ALWAYS_EMBED_SWIFT_STANDARD_LIBRARIES = YES;
				BUNDLE_LOADER = "$(TEST_HOST)";
				CODE_SIGN_STYLE = Automatic;
				CURRENT_PROJECT_VERSION = 1;
				GENERATE_INFOPLIST_FILE = YES;
				IPHONEOS_DEPLOYMENT_TARGET = 15.2;
				MARKETING_VERSION = 1.0;
				PRODUCT_BUNDLE_IDENTIFIER = Bussma.ImagePickerExperimentTests;
				PRODUCT_NAME = "$(TARGET_NAME)";
				SWIFT_EMIT_LOC_STRINGS = NO;
				SWIFT_VERSION = 5.0;
				TARGETED_DEVICE_FAMILY = "1,2";
				TEST_HOST = "$(BUILT_PRODUCTS_DIR)/ImagePickerExperiment.app/ImagePickerExperiment";
			};
			name = Debug;
		};
		7B476BBA27CE3E600041FD99 /* Release */ = {
			isa = XCBuildConfiguration;
			buildSettings = {
				ALWAYS_EMBED_SWIFT_STANDARD_LIBRARIES = YES;
				BUNDLE_LOADER = "$(TEST_HOST)";
				CODE_SIGN_STYLE = Automatic;
				CURRENT_PROJECT_VERSION = 1;
				GENERATE_INFOPLIST_FILE = YES;
				IPHONEOS_DEPLOYMENT_TARGET = 15.2;
				MARKETING_VERSION = 1.0;
				PRODUCT_BUNDLE_IDENTIFIER = Bussma.ImagePickerExperimentTests;
				PRODUCT_NAME = "$(TARGET_NAME)";
				SWIFT_EMIT_LOC_STRINGS = NO;
				SWIFT_VERSION = 5.0;
				TARGETED_DEVICE_FAMILY = "1,2";
				TEST_HOST = "$(BUILT_PRODUCTS_DIR)/ImagePickerExperiment.app/ImagePickerExperiment";
			};
			name = Release;
		};
		7B476BBC27CE3E600041FD99 /* Debug */ = {
			isa = XCBuildConfiguration;
			buildSettings = {
				ALWAYS_EMBED_SWIFT_STANDARD_LIBRARIES = YES;
				CODE_SIGN_STYLE = Automatic;
				CURRENT_PROJECT_VERSION = 1;
				GENERATE_INFOPLIST_FILE = YES;
				MARKETING_VERSION = 1.0;
				PRODUCT_BUNDLE_IDENTIFIER = Bussma.ImagePickerExperimentUITests;
				PRODUCT_NAME = "$(TARGET_NAME)";
				SWIFT_EMIT_LOC_STRINGS = NO;
				SWIFT_VERSION = 5.0;
				TARGETED_DEVICE_FAMILY = "1,2";
				TEST_TARGET_NAME = ImagePickerExperiment;
			};
			name = Debug;
		};
		7B476BBD27CE3E600041FD99 /* Release */ = {
			isa = XCBuildConfiguration;
			buildSettings = {
				ALWAYS_EMBED_SWIFT_STANDARD_LIBRARIES = YES;
				CODE_SIGN_STYLE = Automatic;
				CURRENT_PROJECT_VERSION = 1;
				GENERATE_INFOPLIST_FILE = YES;
				MARKETING_VERSION = 1.0;
				PRODUCT_BUNDLE_IDENTIFIER = Bussma.ImagePickerExperimentUITests;
				PRODUCT_NAME = "$(TARGET_NAME)";
				SWIFT_EMIT_LOC_STRINGS = NO;
				SWIFT_VERSION = 5.0;
				TARGETED_DEVICE_FAMILY = "1,2";
				TEST_TARGET_NAME = ImagePickerExperiment;
			};
			name = Release;
		};
/* End XCBuildConfiguration section */

/* Begin XCConfigurationList section */
		7B476B8627CE3E5D0041FD99 /* Build configuration list for PBXProject "ImagePickerExperiment" */ = {
			isa = XCConfigurationList;
			buildConfigurations = (
				7B476BB327CE3E600041FD99 /* Debug */,
				7B476BB427CE3E600041FD99 /* Release */,
			);
			defaultConfigurationIsVisible = 0;
			defaultConfigurationName = Release;
		};
		7B476BB527CE3E600041FD99 /* Build configuration list for PBXNativeTarget "ImagePickerExperiment" */ = {
			isa = XCConfigurationList;
			buildConfigurations = (
				7B476BB627CE3E600041FD99 /* Debug */,
				7B476BB727CE3E600041FD99 /* Release */,
			);
			defaultConfigurationIsVisible = 0;
			defaultConfigurationName = Release;
		};
		7B476BB827CE3E600041FD99 /* Build configuration list for PBXNativeTarget "ImagePickerExperimentTests" */ = {
			isa = XCConfigurationList;
			buildConfigurations = (
				7B476BB927CE3E600041FD99 /* Debug */,
				7B476BBA27CE3E600041FD99 /* Release */,
			);
			defaultConfigurationIsVisible = 0;
			defaultConfigurationName = Release;
		};
		7B476BBB27CE3E600041FD99 /* Build configuration list for PBXNativeTarget "ImagePickerExperimentUITests" */ = {
			isa = XCConfigurationList;
			buildConfigurations = (
				7B476BBC27CE3E600041FD99 /* Debug */,
				7B476BBD27CE3E600041FD99 /* Release */,
			);
			defaultConfigurationIsVisible = 0;
			defaultConfigurationName = Release;
		};
/* End XCConfigurationList section */
	};
	rootObject = 7B476B8327CE3E5D0041FD99 /* Project object */;
}
